
Microsoft Visual Studio Solution File, Format Version 12.00
# Visual Studio Version 16
VisualStudioVersion = 16.0.29123.88
MinimumVisualStudioVersion = 10.0.40219.1
Project("{FAE04EC0-301F-11D3-BF4B-00C04F79EFBC}") = "WindowsFormsApp1", "WindowsFormsApp1\WindowsFormsApp1.csproj", "{6AB8F2CF-1E07-4860-A277-B9F8506D5D83}"
EndProject
Global
	GlobalSection(SolutionConfigurationPlatforms) = preSolution
		Debug|Any CPU = Debug|Any CPU
		Release|Any CPU = Release|Any CPU
	EndGlobalSection
	GlobalSection(ProjectConfigurationPlatforms) = postSolution
		{6AB8F2CF-1E07-4860-A277-B9F8506D5D83}.Debug|Any CPU.ActiveCfg = Debug|Any CPU
		{6AB8F2CF-1E07-4860-A277-B9F8506D5D83}.Debug|Any CPU.Build.0 = Debug|Any CPU
		{6AB8F2CF-1E07-4860-A277-B9F8506D5D83}.Release|Any CPU.ActiveCfg = Release|Any CPU
		{6AB8F2CF-1E07-4860-A277-B9F8506D5D83}.Release|Any CPU.Build.0 = Release|Any CPU
	EndGlobalSection
	GlobalSection(SolutionProperties) = preSolution
		HideSolutionNode = FALSE
	EndGlobalSection
	GlobalSection(ExtensibilityGlobals) = postSolution
		SolutionGuid = {DD4D8AE0-35D8-4478-B492-1982B86B010A}
	EndGlobalSection
EndGlobal
